// !$*UTF8*$!
{
	archiveVersion = 1;
	classes = {
	};
	objectVersion = 50;
	objects = {

/* Begin PBXBuildFile section */
		0400FFF123BB5788009AF4A0 /* KeyboardViewController.swift in Sources */ = {isa = PBXBuildFile; fileRef = 0400FFF023BB5788009AF4A0 /* KeyboardViewController.swift */; };
		0400FFF523BB5788009AF4A0 /* ACE.appex in Embed App Extensions */ = {isa = PBXBuildFile; fileRef = 0400FFEE23BB5788009AF4A0 /* ACE.appex */; settings = {ATTRIBUTES = (RemoveHeadersOnCopy, ); }; };
		049D59BE23BB5DBE00C0171B /* CaptiveWebView.framework in Frameworks */ = {isa = PBXBuildFile; fileRef = 049D59BC23BB5DAC00C0171B /* CaptiveWebView.framework */; };
		049D59BF23BB5DBE00C0171B /* CaptiveWebView.framework in Embed Frameworks */ = {isa = PBXBuildFile; fileRef = 049D59BC23BB5DAC00C0171B /* CaptiveWebView.framework */; settings = {ATTRIBUTES = (CodeSignOnCopy, RemoveHeadersOnCopy, ); }; };
		04D77CBA23BB56B500C25698 /* AppDelegate.swift in Sources */ = {isa = PBXBuildFile; fileRef = 04D77CB923BB56B500C25698 /* AppDelegate.swift */; };
		04D77CBC23BB56B500C25698 /* MainViewController.swift in Sources */ = {isa = PBXBuildFile; fileRef = 04D77CBB23BB56B500C25698 /* MainViewController.swift */; };
		04D77CC123BB56B700C25698 /* Assets.xcassets in Resources */ = {isa = PBXBuildFile; fileRef = 04D77CC023BB56B700C25698 /* Assets.xcassets */; };
		04D77CC423BB56B700C25698 /* LaunchScreen.storyboard in Resources */ = {isa = PBXBuildFile; fileRef = 04D77CC223BB56B700C25698 /* LaunchScreen.storyboard */; };
		04DFAA1F23BB611D00AA836C /* UserInterface in Resources */ = {isa = PBXBuildFile; fileRef = 04DFAA1E23BB611D00AA836C /* UserInterface */; };
		04DFAA2023BB611D00AA836C /* UserInterface in Resources */ = {isa = PBXBuildFile; fileRef = 04DFAA1E23BB611D00AA836C /* UserInterface */; };
/* End PBXBuildFile section */

/* Begin PBXContainerItemProxy section */
		0400FFF323BB5788009AF4A0 /* PBXContainerItemProxy */ = {
			isa = PBXContainerItemProxy;
			containerPortal = 04D77CAE23BB56B500C25698 /* Project object */;
			proxyType = 1;
			remoteGlobalIDString = 0400FFED23BB5788009AF4A0;
			remoteInfo = ACE;
		};
/* End PBXContainerItemProxy section */

/* Begin PBXCopyFilesBuildPhase section */
		0400FFF923BB5788009AF4A0 /* Embed App Extensions */ = {
			isa = PBXCopyFilesBuildPhase;
			buildActionMask = 2147483647;
			dstPath = "";
			dstSubfolderSpec = 13;
			files = (
				0400FFF523BB5788009AF4A0 /* ACE.appex in Embed App Extensions */,
			);
			name = "Embed App Extensions";
			runOnlyForDeploymentPostprocessing = 0;
		};
		049D59C023BB5DBE00C0171B /* Embed Frameworks */ = {
			isa = PBXCopyFilesBuildPhase;
			buildActionMask = 2147483647;
			dstPath = "";
			dstSubfolderSpec = 10;
			files = (
				049D59BF23BB5DBE00C0171B /* CaptiveWebView.framework in Embed Frameworks */,
			);
			name = "Embed Frameworks";
			runOnlyForDeploymentPostprocessing = 0;
		};
/* End PBXCopyFilesBuildPhase section */

/* Begin PBXFileReference section */
		0400FFEE23BB5788009AF4A0 /* ACE.appex */ = {isa = PBXFileReference; explicitFileType = "wrapper.app-extension"; includeInIndex = 0; path = ACE.appex; sourceTree = BUILT_PRODUCTS_DIR; };
		0400FFF023BB5788009AF4A0 /* KeyboardViewController.swift */ = {isa = PBXFileReference; lastKnownFileType = sourcecode.swift; path = KeyboardViewController.swift; sourceTree = "<group>"; };
		0400FFF223BB5788009AF4A0 /* Info.plist */ = {isa = PBXFileReference; lastKnownFileType = text.plist.xml; path = Info.plist; sourceTree = "<group>"; };
		049D59BC23BB5DAC00C0171B /* CaptiveWebView.framework */ = {isa = PBXFileReference; explicitFileType = wrapper.framework; path = CaptiveWebView.framework; sourceTree = BUILT_PRODUCTS_DIR; };
		04D77CB623BB56B500C25698 /* Keyboard.app */ = {isa = PBXFileReference; explicitFileType = wrapper.application; includeInIndex = 0; path = Keyboard.app; sourceTree = BUILT_PRODUCTS_DIR; };
		04D77CB923BB56B500C25698 /* AppDelegate.swift */ = {isa = PBXFileReference; lastKnownFileType = sourcecode.swift; path = AppDelegate.swift; sourceTree = "<group>"; };
		04D77CBB23BB56B500C25698 /* MainViewController.swift */ = {isa = PBXFileReference; lastKnownFileType = sourcecode.swift; path = MainViewController.swift; sourceTree = "<group>"; };
		04D77CC023BB56B700C25698 /* Assets.xcassets */ = {isa = PBXFileReference; lastKnownFileType = folder.assetcatalog; path = Assets.xcassets; sourceTree = "<group>"; };
		04D77CC323BB56B700C25698 /* Base */ = {isa = PBXFileReference; lastKnownFileType = file.storyboard; name = Base; path = Base.lproj/LaunchScreen.storyboard; sourceTree = "<group>"; };
		04D77CC523BB56B700C25698 /* Info.plist */ = {isa = PBXFileReference; lastKnownFileType = text.plist.xml; path = Info.plist; sourceTree = "<group>"; };
		04DFAA1E23BB611D00AA836C /* UserInterface */ = {isa = PBXFileReference; lastKnownFileType = folder; path = UserInterface; sourceTree = "<group>"; };
/* End PBXFileReference section */

/* Begin PBXFrameworksBuildPhase section */
		0400FFEB23BB5788009AF4A0 /* Frameworks */ = {
			isa = PBXFrameworksBuildPhase;
			buildActionMask = 2147483647;
			files = (
			);
			runOnlyForDeploymentPostprocessing = 0;
		};
		04D77CB323BB56B500C25698 /* Frameworks */ = {
			isa = PBXFrameworksBuildPhase;
			buildActionMask = 2147483647;
			files = (
				049D59BE23BB5DBE00C0171B /* CaptiveWebView.framework in Frameworks */,
			);
			runOnlyForDeploymentPostprocessing = 0;
		};
/* End PBXFrameworksBuildPhase section */

/* Begin PBXGroup section */
		0400FFEF23BB5788009AF4A0 /* Extension */ = {
			isa = PBXGroup;
			children = (
				0400FFF023BB5788009AF4A0 /* KeyboardViewController.swift */,
				0400FFF223BB5788009AF4A0 /* Info.plist */,
			);
			path = Extension;
			sourceTree = "<group>";
		};
		049D59BB23BB5DAC00C0171B /* Frameworks */ = {
			isa = PBXGroup;
			children = (
				049D59BC23BB5DAC00C0171B /* CaptiveWebView.framework */,
			);
			name = Frameworks;
			sourceTree = "<group>";
		};
		04D77CAD23BB56B500C25698 = {
			isa = PBXGroup;
			children = (
				04DFAA1E23BB611D00AA836C /* UserInterface */,
				04D77CB823BB56B500C25698 /* ContainingApplication */,
				0400FFEF23BB5788009AF4A0 /* Extension */,
				04D77CB723BB56B500C25698 /* Products */,
				049D59BB23BB5DAC00C0171B /* Frameworks */,
			);
			sourceTree = "<group>";
		};
		04D77CB723BB56B500C25698 /* Products */ = {
			isa = PBXGroup;
			children = (
				04D77CB623BB56B500C25698 /* Keyboard.app */,
				0400FFEE23BB5788009AF4A0 /* ACE.appex */,
			);
			name = Products;
			sourceTree = "<group>";
		};
		04D77CB823BB56B500C25698 /* ContainingApplication */ = {
			isa = PBXGroup;
			children = (
				04D77CB923BB56B500C25698 /* AppDelegate.swift */,
				04D77CBB23BB56B500C25698 /* MainViewController.swift */,
				04D77CC023BB56B700C25698 /* Assets.xcassets */,
				04D77CC223BB56B700C25698 /* LaunchScreen.storyboard */,
				04D77CC523BB56B700C25698 /* Info.plist */,
			);
			path = ContainingApplication;
			sourceTree = "<group>";
		};
/* End PBXGroup section */

/* Begin PBXNativeTarget section */
		0400FFED23BB5788009AF4A0 /* ACE */ = {
			isa = PBXNativeTarget;
			buildConfigurationList = 0400FFF823BB5788009AF4A0 /* Build configuration list for PBXNativeTarget "ACE" */;
			buildPhases = (
				0400FFEA23BB5788009AF4A0 /* Sources */,
				0400FFEB23BB5788009AF4A0 /* Frameworks */,
				0400FFEC23BB5788009AF4A0 /* Resources */,
			);
			buildRules = (
			);
			dependencies = (
			);
			name = ACE;
			productName = ACE;
			productReference = 0400FFEE23BB5788009AF4A0 /* ACE.appex */;
			productType = "com.apple.product-type.app-extension";
		};
		04D77CB523BB56B500C25698 /* Keyboard */ = {
			isa = PBXNativeTarget;
			buildConfigurationList = 04D77CC823BB56B700C25698 /* Build configuration list for PBXNativeTarget "Keyboard" */;
			buildPhases = (
				04D77CB223BB56B500C25698 /* Sources */,
				04D77CB323BB56B500C25698 /* Frameworks */,
				04D77CB423BB56B500C25698 /* Resources */,
				0400FFF923BB5788009AF4A0 /* Embed App Extensions */,
				049D59C023BB5DBE00C0171B /* Embed Frameworks */,
			);
			buildRules = (
			);
			dependencies = (
				0400FFF423BB5788009AF4A0 /* PBXTargetDependency */,
			);
			name = Keyboard;
			productName = Keyboard;
			productReference = 04D77CB623BB56B500C25698 /* Keyboard.app */;
			productType = "com.apple.product-type.application";
		};
/* End PBXNativeTarget section */

/* Begin PBXProject section */
		04D77CAE23BB56B500C25698 /* Project object */ = {
			isa = PBXProject;
			attributes = {
				LastSwiftUpdateCheck = 1010;
				LastUpgradeCheck = 1020;
				ORGANIZATIONNAME = "Jim Hawkins";
				TargetAttributes = {
					0400FFED23BB5788009AF4A0 = {
						CreatedOnToolsVersion = 10.1;
						LastSwiftMigration = 1020;
					};
					04D77CB523BB56B500C25698 = {
						CreatedOnToolsVersion = 10.2.1;
					};
				};
			};
			buildConfigurationList = 04D77CB123BB56B500C25698 /* Build configuration list for PBXProject "Keyboard" */;
			compatibilityVersion = "Xcode 9.3";
			developmentRegion = en;
			hasScannedForEncodings = 0;
			knownRegions = (
				en,
				Base,
			);
			mainGroup = 04D77CAD23BB56B500C25698;
			productRefGroup = 04D77CB723BB56B500C25698 /* Products */;
			projectDirPath = "";
			projectRoot = "";
			targets = (
				04D77CB523BB56B500C25698 /* Keyboard */,
				0400FFED23BB5788009AF4A0 /* ACE */,
			);
		};
/* End PBXProject section */

/* Begin PBXResourcesBuildPhase section */
		0400FFEC23BB5788009AF4A0 /* Resources */ = {
			isa = PBXResourcesBuildPhase;
			buildActionMask = 2147483647;
			files = (
				04DFAA2023BB611D00AA836C /* UserInterface in Resources */,
			);
			runOnlyForDeploymentPostprocessing = 0;
		};
		04D77CB423BB56B500C25698 /* Resources */ = {
			isa = PBXResourcesBuildPhase;
			buildActionMask = 2147483647;
			files = (
				04D77CC423BB56B700C25698 /* LaunchScreen.storyboard in Resources */,
				04DFAA1F23BB611D00AA836C /* UserInterface in Resources */,
				04D77CC123BB56B700C25698 /* Assets.xcassets in Resources */,
			);
			runOnlyForDeploymentPostprocessing = 0;
		};
/* End PBXResourcesBuildPhase section */

/* Begin PBXSourcesBuildPhase section */
		0400FFEA23BB5788009AF4A0 /* Sources */ = {
			isa = PBXSourcesBuildPhase;
			buildActionMask = 2147483647;
			files = (
				0400FFF123BB5788009AF4A0 /* KeyboardViewController.swift in Sources */,
			);
			runOnlyForDeploymentPostprocessing = 0;
		};
		04D77CB223BB56B500C25698 /* Sources */ = {
			isa = PBXSourcesBuildPhase;
			buildActionMask = 2147483647;
			files = (
				04D77CBC23BB56B500C25698 /* MainViewController.swift in Sources */,
				04D77CBA23BB56B500C25698 /* AppDelegate.swift in Sources */,
			);
			runOnlyForDeploymentPostprocessing = 0;
		};
/* End PBXSourcesBuildPhase section */

/* Begin PBXTargetDependency section */
		0400FFF423BB5788009AF4A0 /* PBXTargetDependency */ = {
			isa = PBXTargetDependency;
			target = 0400FFED23BB5788009AF4A0 /* ACE */;
			targetProxy = 0400FFF323BB5788009AF4A0 /* PBXContainerItemProxy */;
		};
/* End PBXTargetDependency section */

/* Begin PBXVariantGroup section */
		04D77CC223BB56B700C25698 /* LaunchScreen.storyboard */ = {
			isa = PBXVariantGroup;
			children = (
				04D77CC323BB56B700C25698 /* Base */,
			);
			name = LaunchScreen.storyboard;
			sourceTree = "<group>";
		};
/* End PBXVariantGroup section */

/* Begin XCBuildConfiguration section */
		0400FFF623BB5788009AF4A0 /* Debug */ = {
			isa = XCBuildConfiguration;
			buildSettings = {
				CODE_SIGN_STYLE = Automatic;
				DEVELOPMENT_TEAM = K45HHA96ND;
				INFOPLIST_FILE = "$(SRCROOT)/Extension/Info.plist";
				IPHONEOS_DEPLOYMENT_TARGET = 12.1;
				LD_RUNPATH_SEARCH_PATHS = (
					"$(inherited)",
					"@executable_path/Frameworks",
					"@executable_path/../../Frameworks",
				);
				PRODUCT_BUNDLE_IDENTIFIER = com.example.Keyboard.ACE;
				PRODUCT_NAME = "$(TARGET_NAME)";
				SKIP_INSTALL = YES;
				SWIFT_VERSION = 5.0;
				TARGETED_DEVICE_FAMILY = "1,2";
			};
			name = Debug;
		};
		0400FFF723BB5788009AF4A0 /* Release */ = {
			isa = XCBuildConfiguration;
			buildSettings = {
				CODE_SIGN_STYLE = Automatic;
				DEVELOPMENT_TEAM = K45HHA96ND;
				INFOPLIST_FILE = "$(SRCROOT)/Extension/Info.plist";
				IPHONEOS_DEPLOYMENT_TARGET = 12.1;
				LD_RUNPATH_SEARCH_PATHS = (
					"$(inherited)",
					"@executable_path/Frameworks",
					"@executable_path/../../Frameworks",
				);
				PRODUCT_BUNDLE_IDENTIFIER = com.example.Keyboard.ACE;
				PRODUCT_NAME = "$(TARGET_NAME)";
				SKIP_INSTALL = YES;
				SWIFT_VERSION = 5.0;
				TARGETED_DEVICE_FAMILY = "1,2";
			};
			name = Release;
		};
		04D77CC623BB56B700C25698 /* Debug */ = {
			isa = XCBuildConfiguration;
			buildSettings = {
				ALWAYS_SEARCH_USER_PATHS = NO;
				CLANG_ANALYZER_NONNULL = YES;
				CLANG_ANALYZER_NUMBER_OBJECT_CONVERSION = YES_AGGRESSIVE;
				CLANG_CXX_LANGUAGE_STANDARD = "gnu++14";
				CLANG_CXX_LIBRARY = "libc++";
				CLANG_ENABLE_MODULES = YES;
				CLANG_ENABLE_OBJC_ARC = YES;
				CLANG_ENABLE_OBJC_WEAK = YES;
				CLANG_WARN_BLOCK_CAPTURE_AUTORELEASING = YES;
				CLANG_WARN_BOOL_CONVERSION = YES;
				CLANG_WARN_COMMA = YES;
				CLANG_WARN_CONSTANT_CONVERSION = YES;
				CLANG_WARN_DEPRECATED_OBJC_IMPLEMENTATIONS = YES;
				CLANG_WARN_DIRECT_OBJC_ISA_USAGE = YES_ERROR;
				CLANG_WARN_DOCUMENTATION_COMMENTS = YES;
				CLANG_WARN_EMPTY_BODY = YES;
				CLANG_WARN_ENUM_CONVERSION = YES;
				CLANG_WARN_INFINITE_RECURSION = YES;
				CLANG_WARN_INT_CONVERSION = YES;
				CLANG_WARN_NON_LITERAL_NULL_CONVERSION = YES;
				CLANG_WARN_OBJC_IMPLICIT_RETAIN_SELF = YES;
				CLANG_WARN_OBJC_LITERAL_CONVERSION = YES;
				CLANG_WARN_OBJC_ROOT_CLASS = YES_ERROR;
				CLANG_WARN_RANGE_LOOP_ANALYSIS = YES;
				CLANG_WARN_STRICT_PROTOTYPES = YES;
				CLANG_WARN_SUSPICIOUS_MOVE = YES;
				CLANG_WARN_UNGUARDED_AVAILABILITY = YES_AGGRESSIVE;
				CLANG_WARN_UNREACHABLE_CODE = YES;
				CLANG_WARN__DUPLICATE_METHOD_MATCH = YES;
				CODE_SIGN_IDENTITY = "iPhone Developer";
				COPY_PHASE_STRIP = NO;
				DEBUG_INFORMATION_FORMAT = dwarf;
				ENABLE_STRICT_OBJC_MSGSEND = YES;
				ENABLE_TESTABILITY = YES;
				GCC_C_LANGUAGE_STANDARD = gnu11;
				GCC_DYNAMIC_NO_PIC = NO;
				GCC_NO_COMMON_BLOCKS = YES;
				GCC_OPTIMIZATION_LEVEL = 0;
				GCC_PREPROCESSOR_DEFINITIONS = (
					"DEBUG=1",
					"$(inherited)",
				);
				GCC_WARN_64_TO_32_BIT_CONVERSION = YES;
				GCC_WARN_ABOUT_RETURN_TYPE = YES_ERROR;
				GCC_WARN_UNDECLARED_SELECTOR = YES;
				GCC_WARN_UNINITIALIZED_AUTOS = YES_AGGRESSIVE;
				GCC_WARN_UNUSED_FUNCTION = YES;
				GCC_WARN_UNUSED_VARIABLE = YES;
				IPHONEOS_DEPLOYMENT_TARGET = 12.2;
				MTL_ENABLE_DEBUG_INFO = INCLUDE_SOURCE;
				MTL_FAST_MATH = YES;
				ONLY_ACTIVE_ARCH = YES;
				SDKROOT = iphoneos;
				SWIFT_ACTIVE_COMPILATION_CONDITIONS = DEBUG;
				SWIFT_OPTIMIZATION_LEVEL = "-Onone";
			};
			name = Debug;
		};
		04D77CC723BB56B700C25698 /* Release */ = {
			isa = XCBuildConfiguration;
			buildSettings = {
				ALWAYS_SEARCH_USER_PATHS = NO;
				CLANG_ANALYZER_NONNULL = YES;
				CLANG_ANALYZER_NUMBER_OBJECT_CONVERSION = YES_AGGRESSIVE;
				CLANG_CXX_LANGUAGE_STANDARD = "gnu++14";
				CLANG_CXX_LIBRARY = "libc++";
				CLANG_ENABLE_MODULES = YES;
				CLANG_ENABLE_OBJC_ARC = YES;
				CLANG_ENABLE_OBJC_WEAK = YES;
				CLANG_WARN_BLOCK_CAPTURE_AUTORELEASING = YES;
				CLANG_WARN_BOOL_CONVERSION = YES;
				CLANG_WARN_COMMA = YES;
				CLANG_WARN_CONSTANT_CONVERSION = YES;
				CLANG_WARN_DEPRECATED_OBJC_IMPLEMENTATIONS = YES;
				CLANG_WARN_DIRECT_OBJC_ISA_USAGE = YES_ERROR;
				CLANG_WARN_DOCUMENTATION_COMMENTS = YES;
				CLANG_WARN_EMPTY_BODY = YES;
				CLANG_WARN_ENUM_CONVERSION = YES;
				CLANG_WARN_INFINITE_RECURSION = YES;
				CLANG_WARN_INT_CONVERSION = YES;
				CLANG_WARN_NON_LITERAL_NULL_CONVERSION = YES;
				CLANG_WARN_OBJC_IMPLICIT_RETAIN_SELF = YES;
				CLANG_WARN_OBJC_LITERAL_CONVERSION = YES;
				CLANG_WARN_OBJC_ROOT_CLASS = YES_ERROR;
				CLANG_WARN_RANGE_LOOP_ANALYSIS = YES;
				CLANG_WARN_STRICT_PROTOTYPES = YES;
				CLANG_WARN_SUSPICIOUS_MOVE = YES;
				CLANG_WARN_UNGUARDED_AVAILABILITY = YES_AGGRESSIVE;
				CLANG_WARN_UNREACHABLE_CODE = YES;
				CLANG_WARN__DUPLICATE_METHOD_MATCH = YES;
				CODE_SIGN_IDENTITY = "iPhone Developer";
				COPY_PHASE_STRIP = NO;
				DEBUG_INFORMATION_FORMAT = "dwarf-with-dsym";
				ENABLE_NS_ASSERTIONS = NO;
				ENABLE_STRICT_OBJC_MSGSEND = YES;
				GCC_C_LANGUAGE_STANDARD = gnu11;
				GCC_NO_COMMON_BLOCKS = YES;
				GCC_WARN_64_TO_32_BIT_CONVERSION = YES;
				GCC_WARN_ABOUT_RETURN_TYPE = YES_ERROR;
				GCC_WARN_UNDECLARED_SELECTOR = YES;
				GCC_WARN_UNINITIALIZED_AUTOS = YES_AGGRESSIVE;
				GCC_WARN_UNUSED_FUNCTION = YES;
				GCC_WARN_UNUSED_VARIABLE = YES;
				IPHONEOS_DEPLOYMENT_TARGET = 12.2;
				MTL_ENABLE_DEBUG_INFO = NO;
				MTL_FAST_MATH = YES;
				SDKROOT = iphoneos;
				SWIFT_COMPILATION_MODE = wholemodule;
				SWIFT_OPTIMIZATION_LEVEL = "-O";
				VALIDATE_PRODUCT = YES;
			};
			name = Release;
		};
		04D77CC923BB56B700C25698 /* Debug */ = {
			isa = XCBuildConfiguration;
			buildSettings = {
				ALWAYS_EMBED_SWIFT_STANDARD_LIBRARIES = YES;
				ASSETCATALOG_COMPILER_APPICON_NAME = AppIcon;
				CODE_SIGN_STYLE = Automatic;
				DEVELOPMENT_TEAM = K45HHA96ND;
				INFOPLIST_FILE = "$(SRCROOT)/ContainingApplication/Info.plist";
				LD_RUNPATH_SEARCH_PATHS = (
					"$(inherited)",
					"@executable_path/Frameworks",
				);
				PRODUCT_BUNDLE_IDENTIFIER = com.example.Keyboard;
				PRODUCT_NAME = "$(TARGET_NAME)";
				SWIFT_VERSION = 5.0;
				TARGETED_DEVICE_FAMILY = "1,2";
			};
			name = Debug;
		};
		04D77CCA23BB56B700C25698 /* Release */ = {
			isa = XCBuildConfiguration;
			buildSettings = {
				ALWAYS_EMBED_SWIFT_STANDARD_LIBRARIES = YES;
				ASSETCATALOG_COMPILER_APPICON_NAME = AppIcon;
				CODE_SIGN_STYLE = Automatic;
				DEVELOPMENT_TEAM = K45HHA96ND;
				INFOPLIST_FILE = "$(SRCROOT)/ContainingApplication/Info.plist";
				LD_RUNPATH_SEARCH_PATHS = (
					"$(inherited)",
					"@executable_path/Frameworks",
				);
				PRODUCT_BUNDLE_IDENTIFIER = com.example.Keyboard;
				PRODUCT_NAME = "$(TARGET_NAME)";
				SWIFT_VERSION = 5.0;
				TARGETED_DEVICE_FAMILY = "1,2";
			};
			name = Release;
		};
/* End XCBuildConfiguration section */

/* Begin XCConfigurationList section */
		0400FFF823BB5788009AF4A0 /* Build configuration list for PBXNativeTarget "ACE" */ = {
			isa = XCConfigurationList;
			buildConfigurations = (
				0400FFF623BB5788009AF4A0 /* Debug */,
				0400FFF723BB5788009AF4A0 /* Release */,
			);
			defaultConfigurationIsVisible = 0;
			defaultConfigurationName = Release;
		};
		04D77CB123BB56B500C25698 /* Build configuration list for PBXProject "Keyboard" */ = {
			isa = XCConfigurationList;
			buildConfigurations = (
				04D77CC623BB56B700C25698 /* Debug */,
				04D77CC723BB56B700C25698 /* Release */,
			);
			defaultConfigurationIsVisible = 0;
			defaultConfigurationName = Release;
		};
		04D77CC823BB56B700C25698 /* Build configuration list for PBXNativeTarget "Keyboard" */ = {
			isa = XCConfigurationList;
			buildConfigurations = (
				04D77CC923BB56B700C25698 /* Debug */,
				04D77CCA23BB56B700C25698 /* Release */,
			);
			defaultConfigurationIsVisible = 0;
			defaultConfigurationName = Release;
		};
/* End XCConfigurationList section */
	};
	rootObject = 04D77CAE23BB56B500C25698 /* Project object */;
}
